
Microsoft Visual Studio Solution File, Format Version 12.00
# Visual Studio Version 16
VisualStudioVersion = 16.0.30114.105
MinimumVisualStudioVersion = 10.0.40219.1
Project("{2150E333-8FDC-42A3-9474-1A3956D46DE8}") = "src", "src", "{9B7F9AFB-B1CB-4A41-9DC7-F587A71865E5}"
EndProject
Project("{9A19103F-16F7-4668-BE54-9A1E7A4F7556}") = "Biblioteca.API", "src\Biblioteca.API\Biblioteca.API.csproj", "{A4ED8F79-698B-491E-B27C-75DAD0A690EA}"
EndProject
Project("{2150E333-8FDC-42A3-9474-1A3956D46DE8}") = "tests", "tests", "{1FDAF623-454E-465B-A419-CC86EB67E4BD}"
EndProject
Project("{9A19103F-16F7-4668-BE54-9A1E7A4F7556}") = "Biblioteca.Testes.Unidade", "tests\Biblioteca.Testes.Unidade\Biblioteca.Testes.Unidade.csproj", "{7DE201E3-3496-42F6-A1D1-4BAAEE9AA962}"
EndProject
Project("{2150E333-8FDC-42A3-9474-1A3956D46DE8}") = "Solution Items", "Solution Items", "{3A491619-5D65-4997-A62E-9600A4626BFA}"
	ProjectSection(SolutionItems) = preProject
		README.md = README.md
	EndProjectSection
EndProject
Project("{FAE04EC0-301F-11D3-BF4B-00C04F79EFBC}") = "Biblioteca.Testes.API", "tests\Biblioteca.Testes.API\Biblioteca.Testes.API.csproj", "{0B02DFCF-7D85-46A1-9B79-857353BB3086}"
EndProject
Global
	GlobalSection(SolutionConfigurationPlatforms) = preSolution
		Debug|Any CPU = Debug|Any CPU
		Release|Any CPU = Release|Any CPU
	EndGlobalSection
	GlobalSection(ProjectConfigurationPlatforms) = postSolution
		{A4ED8F79-698B-491E-B27C-75DAD0A690EA}.Debug|Any CPU.ActiveCfg = Debug|Any CPU
		{A4ED8F79-698B-491E-B27C-75DAD0A690EA}.Debug|Any CPU.Build.0 = Debug|Any CPU
		{A4ED8F79-698B-491E-B27C-75DAD0A690EA}.Release|Any CPU.ActiveCfg = Release|Any CPU
		{A4ED8F79-698B-491E-B27C-75DAD0A690EA}.Release|Any CPU.Build.0 = Release|Any CPU
		{7DE201E3-3496-42F6-A1D1-4BAAEE9AA962}.Debug|Any CPU.ActiveCfg = Debug|Any CPU
		{7DE201E3-3496-42F6-A1D1-4BAAEE9AA962}.Debug|Any CPU.Build.0 = Debug|Any CPU
		{7DE201E3-3496-42F6-A1D1-4BAAEE9AA962}.Release|Any CPU.ActiveCfg = Release|Any CPU
		{7DE201E3-3496-42F6-A1D1-4BAAEE9AA962}.Release|Any CPU.Build.0 = Release|Any CPU
		{0B02DFCF-7D85-46A1-9B79-857353BB3086}.Debug|Any CPU.ActiveCfg = Debug|Any CPU
		{0B02DFCF-7D85-46A1-9B79-857353BB3086}.Debug|Any CPU.Build.0 = Debug|Any CPU
		{0B02DFCF-7D85-46A1-9B79-857353BB3086}.Release|Any CPU.ActiveCfg = Release|Any CPU
		{0B02DFCF-7D85-46A1-9B79-857353BB3086}.Release|Any CPU.Build.0 = Release|Any CPU
	EndGlobalSection
	GlobalSection(SolutionProperties) = preSolution
		HideSolutionNode = FALSE
	EndGlobalSection
	GlobalSection(NestedProjects) = preSolution
		{A4ED8F79-698B-491E-B27C-75DAD0A690EA} = {9B7F9AFB-B1CB-4A41-9DC7-F587A71865E5}
		{7DE201E3-3496-42F6-A1D1-4BAAEE9AA962} = {1FDAF623-454E-465B-A419-CC86EB67E4BD}
		{0B02DFCF-7D85-46A1-9B79-857353BB3086} = {1FDAF623-454E-465B-A419-CC86EB67E4BD}
	EndGlobalSection
	GlobalSection(ExtensibilityGlobals) = postSolution
		SolutionGuid = {EA5698E1-7674-433C-8294-BBEE5FE9995F}
	EndGlobalSection
EndGlobal
